Microsoft Visual Studio Solution File, Format Version 12.00
# Visual Studio Version 16
VisualStudioVersion = 16.0.30204.135
MinimumVisualStudioVersion = 15.0.26124.0
Project("{9A19103F-16F7-4668-BE54-9A1E7A4F7556}") = "adr-cli", "adr\adr-cli.csproj", "{A449BAF4-C963-4A14-970B-8912262D78C0}"
EndProject
Project("{9A19103F-16F7-4668-BE54-9A1E7A4F7556}") = "tests", "adr.tests\tests.csproj", "{D1BAB1E6-0927-4893-AD8E-0B328BF66E6E}"
EndProject
Global
	GlobalSection(SolutionConfigurationPlatforms) = preSolution
		Debug|Any CPU = Debug|Any CPU
		Debug|x64 = Debug|x64
		Debug|x86 = Debug|x86
		Release|Any CPU = Release|Any CPU
		Release|x64 = Release|x64
		Release|x86 = Release|x86
	EndGlobalSection
	GlobalSection(ProjectConfigurationPlatforms) = postSolution
		{A449BAF4-C963-4A14-970B-8912262D78C0}.Debug|Any CPU.ActiveCfg = Debug|Any CPU
		{A449BAF4-C963-4A14-970B-8912262D78C0}.Debug|Any CPU.Build.0 = Debug|Any CPU
		{A449BAF4-C963-4A14-970B-8912262D78C0}.Debug|x64.ActiveCfg = Debug|Any CPU
		{A449BAF4-C963-4A14-970B-8912262D78C0}.Debug|x64.Build.0 = Debug|Any CPU
		{A449BAF4-C963-4A14-970B-8912262D78C0}.Debug|x86.ActiveCfg = Debug|Any CPU
		{A449BAF4-C963-4A14-970B-8912262D78C0}.Debug|x86.Build.0 = Debug|Any CPU
		{A449BAF4-C963-4A14-970B-8912262D78C0}.Release|Any CPU.ActiveCfg = Release|Any CPU
		{A449BAF4-C963-4A14-970B-8912262D78C0}.Release|Any CPU.Build.0 = Release|Any CPU
		{A449BAF4-C963-4A14-970B-8912262D78C0}.Release|x64.ActiveCfg = Release|Any CPU
		{A449BAF4-C963-4A14-970B-8912262D78C0}.Release|x64.Build.0 = Release|Any CPU
		{A449BAF4-C963-4A14-970B-8912262D78C0}.Release|x86.ActiveCfg = Release|Any CPU
		{A449BAF4-C963-4A14-970B-8912262D78C0}.Release|x86.Build.0 = Release|Any CPU
		{D1BAB1E6-0927-4893-AD8E-0B328BF66E6E}.Debug|Any CPU.ActiveCfg = Debug|Any CPU
		{D1BAB1E6-0927-4893-AD8E-0B328BF66E6E}.Debug|Any CPU.Build.0 = Debug|Any CPU
		{D1BAB1E6-0927-4893-AD8E-0B328BF66E6E}.Debug|x64.ActiveCfg = Debug|Any CPU
		{D1BAB1E6-0927-4893-AD8E-0B328BF66E6E}.Debug|x64.Build.0 = Debug|Any CPU
		{D1BAB1E6-0927-4893-AD8E-0B328BF66E6E}.Debug|x86.ActiveCfg = Debug|Any CPU
		{D1BAB1E6-0927-4893-AD8E-0B328BF66E6E}.Debug|x86.Build.0 = Debug|Any CPU
		{D1BAB1E6-0927-4893-AD8E-0B328BF66E6E}.Release|Any CPU.ActiveCfg = Release|Any CPU
		{D1BAB1E6-0927-4893-AD8E-0B328BF66E6E}.Release|Any CPU.Build.0 = Release|Any CPU
		{D1BAB1E6-0927-4893-AD8E-0B328BF66E6E}.Release|x64.ActiveCfg = Release|Any CPU
		{D1BAB1E6-0927-4893-AD8E-0B328BF66E6E}.Release|x64.Build.0 = Release|Any CPU
		{D1BAB1E6-0927-4893-AD8E-0B328BF66E6E}.Release|x86.ActiveCfg = Release|Any CPU
		{D1BAB1E6-0927-4893-AD8E-0B328BF66E6E}.Release|x86.Build.0 = Release|Any CPU
	EndGlobalSection
	GlobalSection(SolutionProperties) = preSolution
		HideSolutionNode = FALSE
	EndGlobalSection
	GlobalSection(ExtensibilityGlobals) = postSolution
		SolutionGuid = {13AB0FC3-F939-4E9B-AAC8-6B19AE349F32}
	EndGlobalSection
EndGlobal
